// !$*UTF8*$!
{
	archiveVersion = 1;
	classes = {
	};
	objectVersion = 46;
	objects = {

/* Begin PBXBuildFile section */
		0213C23A1974FE0C006BC204 /* main.m in Sources */ = {isa = PBXBuildFile; fileRef = 0213C2391974FE0C006BC204 /* main.m */; };
		0213C2401974FE0C006BC204 /* Updates.xcdatamodeld in Sources */ = {isa = PBXBuildFile; fileRef = 0213C23E1974FE0C006BC204 /* Updates.xcdatamodeld */; };
		0213C2421974FE0C006BC204 /* Images.xcassets in Resources */ = {isa = PBXBuildFile; fileRef = 0213C2411974FE0C006BC204 /* Images.xcassets */; };
		0220020C1978897B002FF38D /* UPDBrowserTextField.m in Sources */ = {isa = PBXBuildFile; fileRef = 0220020B1978897B002FF38D /* UPDBrowserTextField.m */; };
		0220020F1978B646002FF38D /* UPDBrowserBottomBar.m in Sources */ = {isa = PBXBuildFile; fileRef = 0220020E1978B646002FF38D /* UPDBrowserBottomBar.m */; };
		024C45111975CF8B000896E4 /* UIColor+UPDColors.m in Sources */ = {isa = PBXBuildFile; fileRef = 024C45101975CF8B000896E4 /* UIColor+UPDColors.m */; };
		024C45141975D269000896E4 /* UPDInterface.m in Sources */ = {isa = PBXBuildFile; fileRef = 024C45131975D269000896E4 /* UPDInterface.m */; };
		024C451B1975E51F000896E4 /* KingfishIcon.png in Resources */ = {isa = PBXBuildFile; fileRef = 024C45171975E51F000896E4 /* KingfishIcon.png */; };
		024C451C1975E51F000896E4 /* KingfishIcon@2x.png in Resources */ = {isa = PBXBuildFile; fileRef = 024C45181975E51F000896E4 /* KingfishIcon@2x.png */; };
		024C451D1975E51F000896E4 /* UpdatesIcon.png in Resources */ = {isa = PBXBuildFile; fileRef = 024C45191975E51F000896E4 /* UpdatesIcon.png */; };
		024C451E1975E51F000896E4 /* UpdatesIcon@2x.png in Resources */ = {isa = PBXBuildFile; fileRef = 024C451A1975E51F000896E4 /* UpdatesIcon@2x.png */; };
		02644070197DBBA7009CE430 /* CancelLarge.png in Resources */ = {isa = PBXBuildFile; fileRef = 0264406E197DBBA7009CE430 /* CancelLarge.png */; };
		02644071197DBBA7009CE430 /* CancelLarge@2x.png in Resources */ = {isa = PBXBuildFile; fileRef = 0264406F197DBBA7009CE430 /* CancelLarge@2x.png */; };
		02644074197DBC0D009CE430 /* UPDBrowserCancelButton.m in Sources */ = {isa = PBXBuildFile; fileRef = 02644073197DBC0D009CE430 /* UPDBrowserCancelButton.m */; };
		02644077197DC636009CE430 /* UPDProcessingView.m in Sources */ = {isa = PBXBuildFile; fileRef = 02644076197DC636009CE430 /* UPDProcessingView.m */; };
		028D7EA8197DB41000BE0643 /* AcceptLarge.png in Resources */ = {isa = PBXBuildFile; fileRef = 028D7EA6197DB41000BE0643 /* AcceptLarge.png */; };
		028D7EA9197DB41000BE0643 /* AcceptLarge@2x.png in Resources */ = {isa = PBXBuildFile; fileRef = 028D7EA7197DB41000BE0643 /* AcceptLarge@2x.png */; };
		028D7EAE197DB41700BE0643 /* ButtonOutline.png in Resources */ = {isa = PBXBuildFile; fileRef = 028D7EAA197DB41700BE0643 /* ButtonOutline.png */; };
		028D7EAF197DB41700BE0643 /* ButtonOutline@2x.png in Resources */ = {isa = PBXBuildFile; fileRef = 028D7EAB197DB41700BE0643 /* ButtonOutline@2x.png */; };
		028D7EB0197DB41700BE0643 /* ButtonOutlineQuarter.png in Resources */ = {isa = PBXBuildFile; fileRef = 028D7EAC197DB41700BE0643 /* ButtonOutlineQuarter.png */; };
		028D7EB1197DB41700BE0643 /* ButtonOutlineQuarter@2x.png in Resources */ = {isa = PBXBuildFile; fileRef = 028D7EAD197DB41700BE0643 /* ButtonOutlineQuarter@2x.png */; };
		028D7EB4197DB62B00BE0643 /* UPDBrowserConfirmButton.m in Sources */ = {isa = PBXBuildFile; fileRef = 028D7EB3197DB62B00BE0643 /* UPDBrowserConfirmButton.m */; };
		02A5D5D2197799FA00C2A8F9 /* UPDBrowserURLBar.m in Sources */ = {isa = PBXBuildFile; fileRef = 02A5D5D1197799FA00C2A8F9 /* UPDBrowserURLBar.m */; };
		02A5D5D519779A2B00C2A8F9 /* UPDBrowserView.m in Sources */ = {isa = PBXBuildFile; fileRef = 02A5D5D419779A2B00C2A8F9 /* UPDBrowserView.m */; };
		02A733E51976F95A002A86F3 /* UPDPreBrowserView.m in Sources */ = {isa = PBXBuildFile; fileRef = 02A733E41976F95A002A86F3 /* UPDPreBrowserView.m */; };
		02A733E8197700C4002A86F3 /* Back.png in Resources */ = {isa = PBXBuildFile; fileRef = 02A733E6197700C4002A86F3 /* Back.png */; };
		02A733E9197700C4002A86F3 /* Back@2x.png in Resources */ = {isa = PBXBuildFile; fileRef = 02A733E7197700C4002A86F3 /* Back@2x.png */; };
		02A733EC19770AB6002A86F3 /* UPDPreBrowserURLBar.m in Sources */ = {isa = PBXBuildFile; fileRef = 02A733EB19770AB6002A86F3 /* UPDPreBrowserURLBar.m */; };
		02A733EF1977226B002A86F3 /* Forward.png in Resources */ = {isa = PBXBuildFile; fileRef = 02A733ED1977226B002A86F3 /* Forward.png */; };
		02A733F01977226B002A86F3 /* Forward@2x.png in Resources */ = {isa = PBXBuildFile; fileRef = 02A733EE1977226B002A86F3 /* Forward@2x.png */; };
		02A733F3197724A6002A86F3 /* UPDPreBrowserTextField.m in Sources */ = {isa = PBXBuildFile; fileRef = 02A733F2197724A6002A86F3 /* UPDPreBrowserTextField.m */; };
		02A733FA197731B9002A86F3 /* SearchEngineIconBing.png in Resources */ = {isa = PBXBuildFile; fileRef = 02A733F4197731B9002A86F3 /* SearchEngineIconBing.png */; };
		02A733FB197731B9002A86F3 /* SearchEngineIconBing@2x.png in Resources */ = {isa = PBXBuildFile; fileRef = 02A733F5197731B9002A86F3 /* SearchEngineIconBing@2x.png */; };
		02A733FC197731B9002A86F3 /* SearchEngineIconGoogle.png in Resources */ = {isa = PBXBuildFile; fileRef = 02A733F6197731B9002A86F3 /* SearchEngineIconGoogle.png */; };
		02A733FD197731B9002A86F3 /* SearchEngineIconGoogle@2x.png in Resources */ = {isa = PBXBuildFile; fileRef = 02A733F7197731B9002A86F3 /* SearchEngineIconGoogle@2x.png */; };
		02A733FE197731B9002A86F3 /* SearchEngineIconYahoo.png in Resources */ = {isa = PBXBuildFile; fileRef = 02A733F8197731B9002A86F3 /* SearchEngineIconYahoo.png */; };
		02A733FF197731B9002A86F3 /* SearchEngineIconYahoo@2x.png in Resources */ = {isa = PBXBuildFile; fileRef = 02A733F9197731B9002A86F3 /* SearchEngineIconYahoo@2x.png */; };
		02A7340219773560002A86F3 /* SearchEngineIconDuck.png in Resources */ = {isa = PBXBuildFile; fileRef = 02A7340019773560002A86F3 /* SearchEngineIconDuck.png */; };
		02A7340319773560002A86F3 /* SearchEngineIconDuck@2x.png in Resources */ = {isa = PBXBuildFile; fileRef = 02A7340119773560002A86F3 /* SearchEngineIconDuck@2x.png */; };
		02A73D151975C24B000A7C48 /* UPDViewController.m in Sources */ = {isa = PBXBuildFile; fileRef = 02A73D141975C24B000A7C48 /* UPDViewController.m */; };
		02A73D181975C256000A7C48 /* UPDAppDelegate.m in Sources */ = {isa = PBXBuildFile; fileRef = 02A73D171975C256000A7C48 /* UPDAppDelegate.m */; };
		02A73D1C1975C501000A7C48 /* UPDCommon.m in Sources */ = {isa = PBXBuildFile; fileRef = 02A73D1B1975C501000A7C48 /* UPDCommon.m */; };
		02AF8754197A2F9C007D06C5 /* UPDURLProtocol.m in Sources */ = {isa = PBXBuildFile; fileRef = 02AF8753197A2F9C007D06C5 /* UPDURLProtocol.m */; };
		02AF8757197A3124007D06C5 /* UPDInstructionAccumulator.m in Sources */ = {isa = PBXBuildFile; fileRef = 02AF8756197A3124007D06C5 /* UPDInstructionAccumulator.m */; };
		02AF875A197B7488007D06C5 /* UPDInternalInstruction.m in Sources */ = {isa = PBXBuildFile; fileRef = 02AF8759197B7488007D06C5 /* UPDInternalInstruction.m */; };
		02AF875D197B7939007D06C5 /* UPDBrowserBottomButton.m in Sources */ = {isa = PBXBuildFile; fileRef = 02AF875C197B7939007D06C5 /* UPDBrowserBottomButton.m */; };
		02AF8760197B7E79007D06C5 /* Cancel.png in Resources */ = {isa = PBXBuildFile; fileRef = 02AF875E197B7E79007D06C5 /* Cancel.png */; };
		02AF8761197B7E79007D06C5 /* Cancel@2x.png in Resources */ = {isa = PBXBuildFile; fileRef = 02AF875F197B7E79007D06C5 /* Cancel@2x.png */; };
		02AF8764197B7E7E007D06C5 /* Accept.png in Resources */ = {isa = PBXBuildFile; fileRef = 02AF8762197B7E7E007D06C5 /* Accept.png */; };
		02AF8765197B7E7E007D06C5 /* Accept@2x.png in Resources */ = {isa = PBXBuildFile; fileRef = 02AF8763197B7E7E007D06C5 /* Accept@2x.png */; };
		02AF8768197B9DC0007D06C5 /* UPDAlertView.m in Sources */ = {isa = PBXBuildFile; fileRef = 02AF8767197B9DC0007D06C5 /* UPDAlertView.m */; };
		02AF876B197BA831007D06C5 /* UPDAlertViewButton.m in Sources */ = {isa = PBXBuildFile; fileRef = 02AF876A197BA831007D06C5 /* UPDAlertViewButton.m */; };
		02C2387D1976C7A9009327F8 /* UPDNavigationBar.m in Sources */ = {isa = PBXBuildFile; fileRef = 02C2387C1976C7A9009327F8 /* UPDNavigationBar.m */; };
		02C238801976CED9009327F8 /* Add.png in Resources */ = {isa = PBXBuildFile; fileRef = 02C2387E1976CED9009327F8 /* Add.png */; };
		02C238811976CED9009327F8 /* Add@2x.png in Resources */ = {isa = PBXBuildFile; fileRef = 02C2387F1976CED9009327F8 /* Add@2x.png */; };
		02C238841976D594009327F8 /* UPDTableView.m in Sources */ = {isa = PBXBuildFile; fileRef = 02C238831976D594009327F8 /* UPDTableView.m */; };
/* End PBXBuildFile section */

/* Begin PBXFileReference section */
		0213C2341974FE0C006BC204 /* Updates.app */ = {isa = PBXFileReference; explicitFileType = wrapper.application; includeInIndex = 0; path = Updates.app; sourceTree = BUILT_PRODUCTS_DIR; };
		0213C2381974FE0C006BC204 /* Info.plist */ = {isa = PBXFileReference; lastKnownFileType = text.plist.xml; path = Info.plist; sourceTree = "<group>"; };
		0213C2391974FE0C006BC204 /* main.m */ = {isa = PBXFileReference; lastKnownFileType = sourcecode.c.objc; path = main.m; sourceTree = "<group>"; };
		0213C23F1974FE0C006BC204 /* Updates.xcdatamodel */ = {isa = PBXFileReference; lastKnownFileType = wrapper.xcdatamodel; path = Updates.xcdatamodel; sourceTree = "<group>"; };
		0213C2411974FE0C006BC204 /* Images.xcassets */ = {isa = PBXFileReference; lastKnownFileType = folder.assetcatalog; path = Images.xcassets; sourceTree = "<group>"; };
		0220020A1978897B002FF38D /* UPDBrowserTextField.h */ = {isa = PBXFileReference; fileEncoding = 4; lastKnownFileType = sourcecode.c.h; name = UPDBrowserTextField.h; path = Classes/UPDBrowserTextField.h; sourceTree = "<group>"; };
		0220020B1978897B002FF38D /* UPDBrowserTextField.m */ = {isa = PBXFileReference; fileEncoding = 4; lastKnownFileType = sourcecode.c.objc; name = UPDBrowserTextField.m; path = Classes/UPDBrowserTextField.m; sourceTree = "<group>"; };
		0220020D1978B646002FF38D /* UPDBrowserBottomBar.h */ = {isa = PBXFileReference; fileEncoding = 4; lastKnownFileType = sourcecode.c.h; name = UPDBrowserBottomBar.h; path = Classes/UPDBrowserBottomBar.h; sourceTree = "<group>"; };
		0220020E1978B646002FF38D /* UPDBrowserBottomBar.m */ = {isa = PBXFileReference; fileEncoding = 4; lastKnownFileType = sourcecode.c.objc; name = UPDBrowserBottomBar.m; path = Classes/UPDBrowserBottomBar.m; sourceTree = "<group>"; };
		024C450F1975CF8B000896E4 /* UIColor+UPDColors.h */ = {isa = PBXFileReference; fileEncoding = 4; lastKnownFileType = sourcecode.c.h; name = "UIColor+UPDColors.h"; path = "Classes/UIColor+UPDColors.h"; sourceTree = "<group>"; };
		024C45101975CF8B000896E4 /* UIColor+UPDColors.m */ = {isa = PBXFileReference; fileEncoding = 4; lastKnownFileType = sourcecode.c.objc; name = "UIColor+UPDColors.m"; path = "Classes/UIColor+UPDColors.m"; sourceTree = "<group>"; };
		024C45121975D269000896E4 /* UPDInterface.h */ = {isa = PBXFileReference; fileEncoding = 4; lastKnownFileType = sourcecode.c.h; name = UPDInterface.h; path = Classes/UPDInterface.h; sourceTree = "<group>"; };
		024C45131975D269000896E4 /* UPDInterface.m */ = {isa = PBXFileReference; fileEncoding = 4; lastKnownFileType = sourcecode.c.objc; name = UPDInterface.m; path = Classes/UPDInterface.m; sourceTree = "<group>"; };
		024C45171975E51F000896E4 /* KingfishIcon.png */ = {isa = PBXFileReference; lastKnownFileType = image.png; name = KingfishIcon.png; path = Resources/Images/KingfishIcon.png; sourceTree = "<group>"; };
		024C45181975E51F000896E4 /* KingfishIcon@2x.png */ = {isa = PBXFileReference; lastKnownFileType = image.png; name = "KingfishIcon@2x.png"; path = "Resources/Images/KingfishIcon@2x.png"; sourceTree = "<group>"; };
		024C45191975E51F000896E4 /* UpdatesIcon.png */ = {isa = PBXFileReference; lastKnownFileType = image.png; name = UpdatesIcon.png; path = Resources/Images/UpdatesIcon.png; sourceTree = "<group>"; };
		024C451A1975E51F000896E4 /* UpdatesIcon@2x.png */ = {isa = PBXFileReference; lastKnownFileType = image.png; name = "UpdatesIcon@2x.png"; path = "Resources/Images/UpdatesIcon@2x.png"; sourceTree = "<group>"; };
		0264406E197DBBA7009CE430 /* CancelLarge.png */ = {isa = PBXFileReference; lastKnownFileType = image.png; name = CancelLarge.png; path = Resources/Images/CancelLarge.png; sourceTree = "<group>"; };
		0264406F197DBBA7009CE430 /* CancelLarge@2x.png */ = {isa = PBXFileReference; lastKnownFileType = image.png; name = "CancelLarge@2x.png"; path = "Resources/Images/CancelLarge@2x.png"; sourceTree = "<group>"; };
		02644072197DBC0D009CE430 /* UPDBrowserCancelButton.h */ = {isa = PBXFileReference; fileEncoding = 4; lastKnownFileType = sourcecode.c.h; name = UPDBrowserCancelButton.h; path = Classes/UPDBrowserCancelButton.h; sourceTree = "<group>"; };
		02644073197DBC0D009CE430 /* UPDBrowserCancelButton.m */ = {isa = PBXFileReference; fileEncoding = 4; lastKnownFileType = sourcecode.c.objc; name = UPDBrowserCancelButton.m; path = Classes/UPDBrowserCancelButton.m; sourceTree = "<group>"; };
		02644075197DC636009CE430 /* UPDProcessingView.h */ = {isa = PBXFileReference; fileEncoding = 4; lastKnownFileType = sourcecode.c.h; name = UPDProcessingView.h; path = Classes/UPDProcessingView.h; sourceTree = "<group>"; };
		02644076197DC636009CE430 /* UPDProcessingView.m */ = {isa = PBXFileReference; fileEncoding = 4; lastKnownFileType = sourcecode.c.objc; name = UPDProcessingView.m; path = Classes/UPDProcessingView.m; sourceTree = "<group>"; };
		028D7EA6197DB41000BE0643 /* AcceptLarge.png */ = {isa = PBXFileReference; lastKnownFileType = image.png; name = AcceptLarge.png; path = Resources/Images/AcceptLarge.png; sourceTree = "<group>"; };
		028D7EA7197DB41000BE0643 /* AcceptLarge@2x.png */ = {isa = PBXFileReference; lastKnownFileType = image.png; name = "AcceptLarge@2x.png"; path = "Resources/Images/AcceptLarge@2x.png"; sourceTree = "<group>"; };
		028D7EAA197DB41700BE0643 /* ButtonOutline.png */ = {isa = PBXFileReference; lastKnownFileType = image.png; name = ButtonOutline.png; path = Resources/Images/ButtonOutline.png; sourceTree = "<group>"; };
		028D7EAB197DB41700BE0643 /* ButtonOutline@2x.png */ = {isa = PBXFileReference; lastKnownFileType = image.png; name = "ButtonOutline@2x.png"; path = "Resources/Images/ButtonOutline@2x.png"; sourceTree = "<group>"; };
		028D7EAC197DB41700BE0643 /* ButtonOutlineQuarter.png */ = {isa = PBXFileReference; lastKnownFileType = image.png; name = ButtonOutlineQuarter.png; path = Resources/Images/ButtonOutlineQuarter.png; sourceTree = "<group>"; };
		028D7EAD197DB41700BE0643 /* ButtonOutlineQuarter@2x.png */ = {isa = PBXFileReference; lastKnownFileType = image.png; name = "ButtonOutlineQuarter@2x.png"; path = "Resources/Images/ButtonOutlineQuarter@2x.png"; sourceTree = "<group>"; };
		028D7EB2197DB62B00BE0643 /* UPDBrowserConfirmButton.h */ = {isa = PBXFileReference; fileEncoding = 4; lastKnownFileType = sourcecode.c.h; name = UPDBrowserConfirmButton.h; path = Classes/UPDBrowserConfirmButton.h; sourceTree = "<group>"; };
		028D7EB3197DB62B00BE0643 /* UPDBrowserConfirmButton.m */ = {isa = PBXFileReference; fileEncoding = 4; lastKnownFileType = sourcecode.c.objc; name = UPDBrowserConfirmButton.m; path = Classes/UPDBrowserConfirmButton.m; sourceTree = "<group>"; };
		02A5D5D0197799FA00C2A8F9 /* UPDBrowserURLBar.h */ = {isa = PBXFileReference; fileEncoding = 4; lastKnownFileType = sourcecode.c.h; name = UPDBrowserURLBar.h; path = Classes/UPDBrowserURLBar.h; sourceTree = "<group>"; };
		02A5D5D1197799FA00C2A8F9 /* UPDBrowserURLBar.m */ = {isa = PBXFileReference; fileEncoding = 4; lastKnownFileType = sourcecode.c.objc; name = UPDBrowserURLBar.m; path = Classes/UPDBrowserURLBar.m; sourceTree = "<group>"; };
		02A5D5D319779A2B00C2A8F9 /* UPDBrowserView.h */ = {isa = PBXFileReference; fileEncoding = 4; lastKnownFileType = sourcecode.c.h; name = UPDBrowserView.h; path = Classes/UPDBrowserView.h; sourceTree = "<group>"; };
		02A5D5D419779A2B00C2A8F9 /* UPDBrowserView.m */ = {isa = PBXFileReference; fileEncoding = 4; lastKnownFileType = sourcecode.c.objc; name = UPDBrowserView.m; path = Classes/UPDBrowserView.m; sourceTree = "<group>"; };
		02A733E31976F95A002A86F3 /* UPDPreBrowserView.h */ = {isa = PBXFileReference; fileEncoding = 4; lastKnownFileType = sourcecode.c.h; name = UPDPreBrowserView.h; path = Classes/UPDPreBrowserView.h; sourceTree = "<group>"; };
		02A733E41976F95A002A86F3 /* UPDPreBrowserView.m */ = {isa = PBXFileReference; fileEncoding = 4; lastKnownFileType = sourcecode.c.objc; name = UPDPreBrowserView.m; path = Classes/UPDPreBrowserView.m; sourceTree = "<group>"; };
		02A733E6197700C4002A86F3 /* Back.png */ = {isa = PBXFileReference; lastKnownFileType = image.png; name = Back.png; path = Resources/Images/Back.png; sourceTree = "<group>"; };
		02A733E7197700C4002A86F3 /* Back@2x.png */ = {isa = PBXFileReference; lastKnownFileType = image.png; name = "Back@2x.png"; path = "Resources/Images/Back@2x.png"; sourceTree = "<group>"; };
		02A733EA19770AB6002A86F3 /* UPDPreBrowserURLBar.h */ = {isa = PBXFileReference; fileEncoding = 4; lastKnownFileType = sourcecode.c.h; name = UPDPreBrowserURLBar.h; path = Classes/UPDPreBrowserURLBar.h; sourceTree = "<group>"; };
		02A733EB19770AB6002A86F3 /* UPDPreBrowserURLBar.m */ = {isa = PBXFileReference; fileEncoding = 4; lastKnownFileType = sourcecode.c.objc; name = UPDPreBrowserURLBar.m; path = Classes/UPDPreBrowserURLBar.m; sourceTree = "<group>"; };
		02A733ED1977226B002A86F3 /* Forward.png */ = {isa = PBXFileReference; lastKnownFileType = image.png; name = Forward.png; path = Resources/Images/Forward.png; sourceTree = "<group>"; };
		02A733EE1977226B002A86F3 /* Forward@2x.png */ = {isa = PBXFileReference; lastKnownFileType = image.png; name = "Forward@2x.png"; path = "Resources/Images/Forward@2x.png"; sourceTree = "<group>"; };
		02A733F1197724A6002A86F3 /* UPDPreBrowserTextField.h */ = {isa = PBXFileReference; fileEncoding = 4; lastKnownFileType = sourcecode.c.h; name = UPDPreBrowserTextField.h; path = Classes/UPDPreBrowserTextField.h; sourceTree = "<group>"; };
		02A733F2197724A6002A86F3 /* UPDPreBrowserTextField.m */ = {isa = PBXFileReference; fileEncoding = 4; lastKnownFileType = sourcecode.c.objc; name = UPDPreBrowserTextField.m; path = Classes/UPDPreBrowserTextField.m; sourceTree = "<group>"; };
		02A733F4197731B9002A86F3 /* SearchEngineIconBing.png */ = {isa = PBXFileReference; lastKnownFileType = image.png; name = SearchEngineIconBing.png; path = Resources/Images/SearchEngineIconBing.png; sourceTree = "<group>"; };
		02A733F5197731B9002A86F3 /* SearchEngineIconBing@2x.png */ = {isa = PBXFileReference; lastKnownFileType = image.png; name = "SearchEngineIconBing@2x.png"; path = "Resources/Images/SearchEngineIconBing@2x.png"; sourceTree = "<group>"; };
		02A733F6197731B9002A86F3 /* SearchEngineIconGoogle.png */ = {isa = PBXFileReference; lastKnownFileType = image.png; name = SearchEngineIconGoogle.png; path = Resources/Images/SearchEngineIconGoogle.png; sourceTree = "<group>"; };
		02A733F7197731B9002A86F3 /* SearchEngineIconGoogle@2x.png */ = {isa = PBXFileReference; lastKnownFileType = image.png; name = "SearchEngineIconGoogle@2x.png"; path = "Resources/Images/SearchEngineIconGoogle@2x.png"; sourceTree = "<group>"; };
		02A733F8197731B9002A86F3 /* SearchEngineIconYahoo.png */ = {isa = PBXFileReference; lastKnownFileType = image.png; name = SearchEngineIconYahoo.png; path = Resources/Images/SearchEngineIconYahoo.png; sourceTree = "<group>"; };
		02A733F9197731B9002A86F3 /* SearchEngineIconYahoo@2x.png */ = {isa = PBXFileReference; lastKnownFileType = image.png; name = "SearchEngineIconYahoo@2x.png"; path = "Resources/Images/SearchEngineIconYahoo@2x.png"; sourceTree = "<group>"; };
		02A7340019773560002A86F3 /* SearchEngineIconDuck.png */ = {isa = PBXFileReference; lastKnownFileType = image.png; name = SearchEngineIconDuck.png; path = Resources/Images/SearchEngineIconDuck.png; sourceTree = "<group>"; };
		02A7340119773560002A86F3 /* SearchEngineIconDuck@2x.png */ = {isa = PBXFileReference; lastKnownFileType = image.png; name = "SearchEngineIconDuck@2x.png"; path = "Resources/Images/SearchEngineIconDuck@2x.png"; sourceTree = "<group>"; };
		02A73D131975C24B000A7C48 /* UPDViewController.h */ = {isa = PBXFileReference; fileEncoding = 4; lastKnownFileType = sourcecode.c.h; name = UPDViewController.h; path = Classes/UPDViewController.h; sourceTree = "<group>"; };
		02A73D141975C24B000A7C48 /* UPDViewController.m */ = {isa = PBXFileReference; fileEncoding = 4; lastKnownFileType = sourcecode.c.objc; name = UPDViewController.m; path = Classes/UPDViewController.m; sourceTree = "<group>"; };
		02A73D161975C256000A7C48 /* UPDAppDelegate.h */ = {isa = PBXFileReference; fileEncoding = 4; lastKnownFileType = sourcecode.c.h; name = UPDAppDelegate.h; path = Classes/UPDAppDelegate.h; sourceTree = "<group>"; };
		02A73D171975C256000A7C48 /* UPDAppDelegate.m */ = {isa = PBXFileReference; fileEncoding = 4; lastKnownFileType = sourcecode.c.objc; name = UPDAppDelegate.m; path = Classes/UPDAppDelegate.m; sourceTree = "<group>"; };
		02A73D1A1975C501000A7C48 /* UPDCommon.h */ = {isa = PBXFileReference; fileEncoding = 4; lastKnownFileType = sourcecode.c.h; name = UPDCommon.h; path = Classes/UPDCommon.h; sourceTree = "<group>"; };
		02A73D1B1975C501000A7C48 /* UPDCommon.m */ = {isa = PBXFileReference; fileEncoding = 4; lastKnownFileType = sourcecode.c.objc; name = UPDCommon.m; path = Classes/UPDCommon.m; sourceTree = "<group>"; };
		02A73D1D1975C555000A7C48 /* UPDPrefixHeader.pch */ = {isa = PBXFileReference; lastKnownFileType = sourcecode.c.h; path = UPDPrefixHeader.pch; sourceTree = "<group>"; };
		02AF8752197A2F9C007D06C5 /* UPDURLProtocol.h */ = {isa = PBXFileReference; fileEncoding = 4; lastKnownFileType = sourcecode.c.h; name = UPDURLProtocol.h; path = Classes/UPDURLProtocol.h; sourceTree = "<group>"; };
		02AF8753197A2F9C007D06C5 /* UPDURLProtocol.m */ = {isa = PBXFileReference; fileEncoding = 4; lastKnownFileType = sourcecode.c.objc; name = UPDURLProtocol.m; path = Classes/UPDURLProtocol.m; sourceTree = "<group>"; };
		02AF8755197A3124007D06C5 /* UPDInstructionAccumulator.h */ = {isa = PBXFileReference; fileEncoding = 4; lastKnownFileType = sourcecode.c.h; name = UPDInstructionAccumulator.h; path = Classes/UPDInstructionAccumulator.h; sourceTree = "<group>"; };
		02AF8756197A3124007D06C5 /* UPDInstructionAccumulator.m */ = {isa = PBXFileReference; fileEncoding = 4; lastKnownFileType = sourcecode.c.objc; name = UPDInstructionAccumulator.m; path = Classes/UPDInstructionAccumulator.m; sourceTree = "<group>"; };
		02AF8758197B7488007D06C5 /* UPDInternalInstruction.h */ = {isa = PBXFileReference; fileEncoding = 4; lastKnownFileType = sourcecode.c.h; name = UPDInternalInstruction.h; path = Classes/UPDInternalInstruction.h; sourceTree = "<group>"; };
		02AF8759197B7488007D06C5 /* UPDInternalInstruction.m */ = {isa = PBXFileReference; fileEncoding = 4; lastKnownFileType = sourcecode.c.objc; name = UPDInternalInstruction.m; path = Classes/UPDInternalInstruction.m; sourceTree = "<group>"; };
		02AF875B197B7939007D06C5 /* UPDBrowserBottomButton.h */ = {isa = PBXFileReference; fileEncoding = 4; lastKnownFileType = sourcecode.c.h; name = UPDBrowserBottomButton.h; path = Classes/UPDBrowserBottomButton.h; sourceTree = "<group>"; };
		02AF875C197B7939007D06C5 /* UPDBrowserBottomButton.m */ = {isa = PBXFileReference; fileEncoding = 4; lastKnownFileType = sourcecode.c.objc; name = UPDBrowserBottomButton.m; path = Classes/UPDBrowserBottomButton.m; sourceTree = "<group>"; };
		02AF875E197B7E79007D06C5 /* Cancel.png */ = {isa = PBXFileReference; lastKnownFileType = image.png; name = Cancel.png; path = Resources/Images/Cancel.png; sourceTree = "<group>"; };
		02AF875F197B7E79007D06C5 /* Cancel@2x.png */ = {isa = PBXFileReference; lastKnownFileType = image.png; name = "Cancel@2x.png"; path = "Resources/Images/Cancel@2x.png"; sourceTree = "<group>"; };
		02AF8762197B7E7E007D06C5 /* Accept.png */ = {isa = PBXFileReference; lastKnownFileType = image.png; name = Accept.png; path = Resources/Images/Accept.png; sourceTree = "<group>"; };
		02AF8763197B7E7E007D06C5 /* Accept@2x.png */ = {isa = PBXFileReference; lastKnownFileType = image.png; name = "Accept@2x.png"; path = "Resources/Images/Accept@2x.png"; sourceTree = "<group>"; };
		02AF8766197B9DC0007D06C5 /* UPDAlertView.h */ = {isa = PBXFileReference; fileEncoding = 4; lastKnownFileType = sourcecode.c.h; name = UPDAlertView.h; path = Classes/UPDAlertView.h; sourceTree = "<group>"; };
		02AF8767197B9DC0007D06C5 /* UPDAlertView.m */ = {isa = PBXFileReference; fileEncoding = 4; lastKnownFileType = sourcecode.c.objc; name = UPDAlertView.m; path = Classes/UPDAlertView.m; sourceTree = "<group>"; };
		02AF8769197BA831007D06C5 /* UPDAlertViewButton.h */ = {isa = PBXFileReference; fileEncoding = 4; lastKnownFileType = sourcecode.c.h; name = UPDAlertViewButton.h; path = Classes/UPDAlertViewButton.h; sourceTree = "<group>"; };
		02AF876A197BA831007D06C5 /* UPDAlertViewButton.m */ = {isa = PBXFileReference; fileEncoding = 4; lastKnownFileType = sourcecode.c.objc; name = UPDAlertViewButton.m; path = Classes/UPDAlertViewButton.m; sourceTree = "<group>"; };
		02C2387B1976C7A9009327F8 /* UPDNavigationBar.h */ = {isa = PBXFileReference; fileEncoding = 4; lastKnownFileType = sourcecode.c.h; name = UPDNavigationBar.h; path = Classes/UPDNavigationBar.h; sourceTree = "<group>"; };
		02C2387C1976C7A9009327F8 /* UPDNavigationBar.m */ = {isa = PBXFileReference; fileEncoding = 4; lastKnownFileType = sourcecode.c.objc; name = UPDNavigationBar.m; path = Classes/UPDNavigationBar.m; sourceTree = "<group>"; };
		02C2387E1976CED9009327F8 /* Add.png */ = {isa = PBXFileReference; lastKnownFileType = image.png; name = Add.png; path = Resources/Images/Add.png; sourceTree = "<group>"; };
		02C2387F1976CED9009327F8 /* Add@2x.png */ = {isa = PBXFileReference; lastKnownFileType = image.png; name = "Add@2x.png"; path = "Resources/Images/Add@2x.png"; sourceTree = "<group>"; };
		02C238821976D594009327F8 /* UPDTableView.h */ = {isa = PBXFileReference; fileEncoding = 4; lastKnownFileType = sourcecode.c.h; name = UPDTableView.h; path = Classes/UPDTableView.h; sourceTree = "<group>"; };
		02C238831976D594009327F8 /* UPDTableView.m */ = {isa = PBXFileReference; fileEncoding = 4; lastKnownFileType = sourcecode.c.objc; name = UPDTableView.m; path = Classes/UPDTableView.m; sourceTree = "<group>"; };
/* End PBXFileReference section */

/* Begin PBXFrameworksBuildPhase section */
		0213C2311974FE0C006BC204 /* Frameworks */ = {
			isa = PBXFrameworksBuildPhase;
			buildActionMask = 2147483647;
			files = (
			);
			runOnlyForDeploymentPostprocessing = 0;
		};
/* End PBXFrameworksBuildPhase section */

/* Begin PBXGroup section */
		0213C22B1974FE0C006BC204 = {
			isa = PBXGroup;
			children = (
				0213C2361974FE0C006BC204 /* Updates */,
				0213C2351974FE0C006BC204 /* Products */,
			);
			sourceTree = "<group>";
		};
		0213C2351974FE0C006BC204 /* Products */ = {
			isa = PBXGroup;
			children = (
				0213C2341974FE0C006BC204 /* Updates.app */,
			);
			name = Products;
			sourceTree = "<group>";
		};
		0213C2361974FE0C006BC204 /* Updates */ = {
			isa = PBXGroup;
			children = (
				02A73D191975C269000A7C48 /* Classes */,
				024C45151975E4F1000896E4 /* Resources */,
				0213C2371974FE0C006BC204 /* Supporting Files */,
			);
			path = Updates;
			sourceTree = "<group>";
		};
		0213C2371974FE0C006BC204 /* Supporting Files */ = {
			isa = PBXGroup;
			children = (
				0213C2411974FE0C006BC204 /* Images.xcassets */,
				0213C2381974FE0C006BC204 /* Info.plist */,
				0213C2391974FE0C006BC204 /* main.m */,
				0213C23E1974FE0C006BC204 /* Updates.xcdatamodeld */,
				02A73D1D1975C555000A7C48 /* UPDPrefixHeader.pch */,
			);
			name = "Supporting Files";
			sourceTree = "<group>";
		};
		024C45151975E4F1000896E4 /* Resources */ = {
			isa = PBXGroup;
			children = (
				024C45161975E4F8000896E4 /* Images */,
			);
			name = Resources;
			sourceTree = "<group>";
		};
		024C45161975E4F8000896E4 /* Images */ = {
			isa = PBXGroup;
			children = (
				02AF8762197B7E7E007D06C5 /* Accept.png */,
				02AF8763197B7E7E007D06C5 /* Accept@2x.png */,
				028D7EA6197DB41000BE0643 /* AcceptLarge.png */,
				028D7EA7197DB41000BE0643 /* AcceptLarge@2x.png */,
				02C2387E1976CED9009327F8 /* Add.png */,
				02C2387F1976CED9009327F8 /* Add@2x.png */,
				02A733E6197700C4002A86F3 /* Back.png */,
				02A733E7197700C4002A86F3 /* Back@2x.png */,
				028D7EAA197DB41700BE0643 /* ButtonOutline.png */,
				028D7EAB197DB41700BE0643 /* ButtonOutline@2x.png */,
				028D7EAC197DB41700BE0643 /* ButtonOutlineQuarter.png */,
				028D7EAD197DB41700BE0643 /* ButtonOutlineQuarter@2x.png */,
				02AF875E197B7E79007D06C5 /* Cancel.png */,
				02AF875F197B7E79007D06C5 /* Cancel@2x.png */,
				0264406E197DBBA7009CE430 /* CancelLarge.png */,
				0264406F197DBBA7009CE430 /* CancelLarge@2x.png */,
				02A733ED1977226B002A86F3 /* Forward.png */,
				02A733EE1977226B002A86F3 /* Forward@2x.png */,
				024C45171975E51F000896E4 /* KingfishIcon.png */,
				024C45181975E51F000896E4 /* KingfishIcon@2x.png */,
				02A733F4197731B9002A86F3 /* SearchEngineIconBing.png */,
				02A733F5197731B9002A86F3 /* SearchEngineIconBing@2x.png */,
				02A7340019773560002A86F3 /* SearchEngineIconDuck.png */,
				02A7340119773560002A86F3 /* SearchEngineIconDuck@2x.png */,
				02A733F6197731B9002A86F3 /* SearchEngineIconGoogle.png */,
				02A733F7197731B9002A86F3 /* SearchEngineIconGoogle@2x.png */,
				02A733F8197731B9002A86F3 /* SearchEngineIconYahoo.png */,
				02A733F9197731B9002A86F3 /* SearchEngineIconYahoo@2x.png */,
				024C45191975E51F000896E4 /* UpdatesIcon.png */,
				024C451A1975E51F000896E4 /* UpdatesIcon@2x.png */,
			);
			name = Images;
			sourceTree = "<group>";
		};
		02A73D191975C269000A7C48 /* Classes */ = {
			isa = PBXGroup;
			children = (
				024C450F1975CF8B000896E4 /* UIColor+UPDColors.h */,
				024C45101975CF8B000896E4 /* UIColor+UPDColors.m */,
				02AF8766197B9DC0007D06C5 /* UPDAlertView.h */,
				02AF8767197B9DC0007D06C5 /* UPDAlertView.m */,
				02AF8769197BA831007D06C5 /* UPDAlertViewButton.h */,
				02AF876A197BA831007D06C5 /* UPDAlertViewButton.m */,
				02A73D161975C256000A7C48 /* UPDAppDelegate.h */,
				02A73D171975C256000A7C48 /* UPDAppDelegate.m */,
				0220020D1978B646002FF38D /* UPDBrowserBottomBar.h */,
				0220020E1978B646002FF38D /* UPDBrowserBottomBar.m */,
				02AF875B197B7939007D06C5 /* UPDBrowserBottomButton.h */,
				02AF875C197B7939007D06C5 /* UPDBrowserBottomButton.m */,
				02644072197DBC0D009CE430 /* UPDBrowserCancelButton.h */,
				02644073197DBC0D009CE430 /* UPDBrowserCancelButton.m */,
				028D7EB2197DB62B00BE0643 /* UPDBrowserConfirmButton.h */,
				028D7EB3197DB62B00BE0643 /* UPDBrowserConfirmButton.m */,
				0220020A1978897B002FF38D /* UPDBrowserTextField.h */,
				0220020B1978897B002FF38D /* UPDBrowserTextField.m */,
				02A5D5D0197799FA00C2A8F9 /* UPDBrowserURLBar.h */,
				02A5D5D1197799FA00C2A8F9 /* UPDBrowserURLBar.m */,
				02A5D5D319779A2B00C2A8F9 /* UPDBrowserView.h */,
				02A5D5D419779A2B00C2A8F9 /* UPDBrowserView.m */,
				02A73D1A1975C501000A7C48 /* UPDCommon.h */,
				02A73D1B1975C501000A7C48 /* UPDCommon.m */,
				02C2387B1976C7A9009327F8 /* UPDNavigationBar.h */,
				02C2387C1976C7A9009327F8 /* UPDNavigationBar.m */,
				02AF8755197A3124007D06C5 /* UPDInstructionAccumulator.h */,
				02AF8756197A3124007D06C5 /* UPDInstructionAccumulator.m */,
				024C45121975D269000896E4 /* UPDInterface.h */,
				024C45131975D269000896E4 /* UPDInterface.m */,
				02AF8758197B7488007D06C5 /* UPDInternalInstruction.h */,
				02AF8759197B7488007D06C5 /* UPDInternalInstruction.m */,
				02A733F1197724A6002A86F3 /* UPDPreBrowserTextField.h */,
				02A733F2197724A6002A86F3 /* UPDPreBrowserTextField.m */,
				02A733EA19770AB6002A86F3 /* UPDPreBrowserURLBar.h */,
				02A733EB19770AB6002A86F3 /* UPDPreBrowserURLBar.m */,
				02A733E31976F95A002A86F3 /* UPDPreBrowserView.h */,
				02A733E41976F95A002A86F3 /* UPDPreBrowserView.m */,
				02644075197DC636009CE430 /* UPDProcessingView.h */,
				02644076197DC636009CE430 /* UPDProcessingView.m */,
				02C238821976D594009327F8 /* UPDTableView.h */,
				02C238831976D594009327F8 /* UPDTableView.m */,
				02AF8752197A2F9C007D06C5 /* UPDURLProtocol.h */,
				02AF8753197A2F9C007D06C5 /* UPDURLProtocol.m */,
				02A73D131975C24B000A7C48 /* UPDViewController.h */,
				02A73D141975C24B000A7C48 /* UPDViewController.m */,
			);
			name = Classes;
			sourceTree = "<group>";
		};
/* End PBXGroup section */

/* Begin PBXNativeTarget section */
		0213C2331974FE0C006BC204 /* Updates */ = {
			isa = PBXNativeTarget;
			buildConfigurationList = 0213C2511974FE0C006BC204 /* Build configuration list for PBXNativeTarget "Updates" */;
			buildPhases = (
				0213C2301974FE0C006BC204 /* Sources */,
				0213C2311974FE0C006BC204 /* Frameworks */,
				0213C2321974FE0C006BC204 /* Resources */,
			);
			buildRules = (
			);
			dependencies = (
			);
			name = Updates;
			productName = Updates;
			productReference = 0213C2341974FE0C006BC204 /* Updates.app */;
			productType = "com.apple.product-type.application";
		};
/* End PBXNativeTarget section */

/* Begin PBXProject section */
		0213C22C1974FE0C006BC204 /* Project object */ = {
			isa = PBXProject;
			attributes = {
				LastUpgradeCheck = 0600;
				ORGANIZATIONNAME = Kingfish;
				TargetAttributes = {
					0213C2331974FE0C006BC204 = {
						CreatedOnToolsVersion = 6.0;
					};
				};
			};
			buildConfigurationList = 0213C22F1974FE0C006BC204 /* Build configuration list for PBXProject "Updates" */;
			compatibilityVersion = "Xcode 3.2";
			developmentRegion = English;
			hasScannedForEncodings = 0;
			knownRegions = (
				en,
			);
			mainGroup = 0213C22B1974FE0C006BC204;
			productRefGroup = 0213C2351974FE0C006BC204 /* Products */;
			projectDirPath = "";
			projectRoot = "";
			targets = (
				0213C2331974FE0C006BC204 /* Updates */,
			);
		};
/* End PBXProject section */

/* Begin PBXResourcesBuildPhase section */
		0213C2321974FE0C006BC204 /* Resources */ = {
			isa = PBXResourcesBuildPhase;
			buildActionMask = 2147483647;
			files = (
				0213C2421974FE0C006BC204 /* Images.xcassets in Resources */,
				02644071197DBBA7009CE430 /* CancelLarge@2x.png in Resources */,
				02A733FE197731B9002A86F3 /* SearchEngineIconYahoo.png in Resources */,
				02A733FF197731B9002A86F3 /* SearchEngineIconYahoo@2x.png in Resources */,
				02644070197DBBA7009CE430 /* CancelLarge.png in Resources */,
				02C238811976CED9009327F8 /* Add@2x.png in Resources */,
				024C451D1975E51F000896E4 /* UpdatesIcon.png in Resources */,
				028D7EA9197DB41000BE0643 /* AcceptLarge@2x.png in Resources */,
				02A7340219773560002A86F3 /* SearchEngineIconDuck.png in Resources */,
				028D7EB0197DB41700BE0643 /* ButtonOutlineQuarter.png in Resources */,
				02AF8765197B7E7E007D06C5 /* Accept@2x.png in Resources */,
				02AF8761197B7E79007D06C5 /* Cancel@2x.png in Resources */,
				02A733FB197731B9002A86F3 /* SearchEngineIconBing@2x.png in Resources */,
				02AF8760197B7E79007D06C5 /* Cancel.png in Resources */,
				024C451E1975E51F000896E4 /* UpdatesIcon@2x.png in Resources */,
				02A733E8197700C4002A86F3 /* Back.png in Resources */,
				02A7340319773560002A86F3 /* SearchEngineIconDuck@2x.png in Resources */,
				028D7EA8197DB41000BE0643 /* AcceptLarge.png in Resources */,
				02C238801976CED9009327F8 /* Add.png in Resources */,
				028D7EAE197DB41700BE0643 /* ButtonOutline.png in Resources */,
				024C451B1975E51F000896E4 /* KingfishIcon.png in Resources */,
				02A733E9197700C4002A86F3 /* Back@2x.png in Resources */,
				028D7EAF197DB41700BE0643 /* ButtonOutline@2x.png in Resources */,
				028D7EB1197DB41700BE0643 /* ButtonOutlineQuarter@2x.png in Resources */,
				02A733FA197731B9002A86F3 /* SearchEngineIconBing.png in Resources */,
				02A733F01977226B002A86F3 /* Forward@2x.png in Resources */,
				024C451C1975E51F000896E4 /* KingfishIcon@2x.png in Resources */,
				02A733FD197731B9002A86F3 /* SearchEngineIconGoogle@2x.png in Resources */,
				02A733EF1977226B002A86F3 /* Forward.png in Resources */,
				02A733FC197731B9002A86F3 /* SearchEngineIconGoogle.png in Resources */,
				02AF8764197B7E7E007D06C5 /* Accept.png in Resources */,
			);
			runOnlyForDeploymentPostprocessing = 0;
		};
/* End PBXResourcesBuildPhase section */

/* Begin PBXSourcesBuildPhase section */
		0213C2301974FE0C006BC204 /* Sources */ = {
			isa = PBXSourcesBuildPhase;
			buildActionMask = 2147483647;
			files = (
				02AF875A197B7488007D06C5 /* UPDInternalInstruction.m in Sources */,
				02AF876B197BA831007D06C5 /* UPDAlertViewButton.m in Sources */,
				02644074197DBC0D009CE430 /* UPDBrowserCancelButton.m in Sources */,
				02A733F3197724A6002A86F3 /* UPDPreBrowserTextField.m in Sources */,
				02AF8757197A3124007D06C5 /* UPDInstructionAccumulator.m in Sources */,
				024C45111975CF8B000896E4 /* UIColor+UPDColors.m in Sources */,
				02AF8768197B9DC0007D06C5 /* UPDAlertView.m in Sources */,
				02A733E51976F95A002A86F3 /* UPDPreBrowserView.m in Sources */,
				02AF875D197B7939007D06C5 /* UPDBrowserBottomButton.m in Sources */,
				02C238841976D594009327F8 /* UPDTableView.m in Sources */,
				0220020C1978897B002FF38D /* UPDBrowserTextField.m in Sources */,
				02A733EC19770AB6002A86F3 /* UPDPreBrowserURLBar.m in Sources */,
				028D7EB4197DB62B00BE0643 /* UPDBrowserConfirmButton.m in Sources */,
				02644077197DC636009CE430 /* UPDProcessingView.m in Sources */,
				0213C2401974FE0C006BC204 /* Updates.xcdatamodeld in Sources */,
				024C45141975D269000896E4 /* UPDInterface.m in Sources */,
				02AF8754197A2F9C007D06C5 /* UPDURLProtocol.m in Sources */,
				02C2387D1976C7A9009327F8 /* UPDNavigationBar.m in Sources */,
				02A73D181975C256000A7C48 /* UPDAppDelegate.m in Sources */,
				02A73D1C1975C501000A7C48 /* UPDCommon.m in Sources */,
				02A73D151975C24B000A7C48 /* UPDViewController.m in Sources */,
				0220020F1978B646002FF38D /* UPDBrowserBottomBar.m in Sources */,
				02A5D5D2197799FA00C2A8F9 /* UPDBrowserURLBar.m in Sources */,
				0213C23A1974FE0C006BC204 /* main.m in Sources */,
				02A5D5D519779A2B00C2A8F9 /* UPDBrowserView.m in Sources */,
			);
			runOnlyForDeploymentPostprocessing = 0;
		};
/* End PBXSourcesBuildPhase section */

/* Begin XCBuildConfiguration section */
		0213C24F1974FE0C006BC204 /* Debug */ = {
			isa = XCBuildConfiguration;
			buildSettings = {
				ALWAYS_SEARCH_USER_PATHS = NO;
				CLANG_CXX_LANGUAGE_STANDARD = "gnu++0x";
				CLANG_CXX_LIBRARY = "libc++";
				CLANG_ENABLE_MODULES = YES;
				CLANG_ENABLE_OBJC_ARC = YES;
				CLANG_WARN_BOOL_CONVERSION = YES;
				CLANG_WARN_CONSTANT_CONVERSION = YES;
				CLANG_WARN_DIRECT_OBJC_ISA_USAGE = YES_ERROR;
				CLANG_WARN_EMPTY_BODY = YES;
				CLANG_WARN_ENUM_CONVERSION = YES;
				CLANG_WARN_INT_CONVERSION = YES;
				CLANG_WARN_OBJC_ROOT_CLASS = YES_ERROR;
				CLANG_WARN_UNREACHABLE_CODE = YES;
				CLANG_WARN__DUPLICATE_METHOD_MATCH = YES;
				"CODE_SIGN_IDENTITY[sdk=iphoneos*]" = "iPhone Developer";
				COPY_PHASE_STRIP = NO;
				ENABLE_STRICT_OBJC_MSGSEND = YES;
				GCC_C_LANGUAGE_STANDARD = gnu99;
				GCC_DYNAMIC_NO_PIC = NO;
				GCC_OPTIMIZATION_LEVEL = 0;
				GCC_PRECOMPILE_PREFIX_HEADER = YES;
				GCC_PREFIX_HEADER = Updates/UPDPrefixHeader.pch;
				GCC_PREPROCESSOR_DEFINITIONS = (
					"DEBUG=1",
					"$(inherited)",
				);
				GCC_SYMBOLS_PRIVATE_EXTERN = NO;
				GCC_WARN_64_TO_32_BIT_CONVERSION = YES;
				GCC_WARN_ABOUT_RETURN_TYPE = YES_ERROR;
				GCC_WARN_UNDECLARED_SELECTOR = YES;
				GCC_WARN_UNINITIALIZED_AUTOS = YES_AGGRESSIVE;
				GCC_WARN_UNUSED_FUNCTION = YES;
				GCC_WARN_UNUSED_VARIABLE = YES;
				IPHONEOS_DEPLOYMENT_TARGET = 7.0;
				METAL_ENABLE_DEBUG_INFO = YES;
				ONLY_ACTIVE_ARCH = YES;
				SDKROOT = iphoneos;
				TARGETED_DEVICE_FAMILY = "1,2";
			};
			name = Debug;
		};
		0213C2501974FE0C006BC204 /* Release */ = {
			isa = XCBuildConfiguration;
			buildSettings = {
				ALWAYS_SEARCH_USER_PATHS = NO;
				CLANG_CXX_LANGUAGE_STANDARD = "gnu++0x";
				CLANG_CXX_LIBRARY = "libc++";
				CLANG_ENABLE_MODULES = YES;
				CLANG_ENABLE_OBJC_ARC = YES;
				CLANG_WARN_BOOL_CONVERSION = YES;
				CLANG_WARN_CONSTANT_CONVERSION = YES;
				CLANG_WARN_DIRECT_OBJC_ISA_USAGE = YES_ERROR;
				CLANG_WARN_EMPTY_BODY = YES;
				CLANG_WARN_ENUM_CONVERSION = YES;
				CLANG_WARN_INT_CONVERSION = YES;
				CLANG_WARN_OBJC_ROOT_CLASS = YES_ERROR;
				CLANG_WARN_UNREACHABLE_CODE = YES;
				CLANG_WARN__DUPLICATE_METHOD_MATCH = YES;
				"CODE_SIGN_IDENTITY[sdk=iphoneos*]" = "iPhone Developer";
				COPY_PHASE_STRIP = YES;
				ENABLE_NS_ASSERTIONS = NO;
				ENABLE_STRICT_OBJC_MSGSEND = YES;
				GCC_C_LANGUAGE_STANDARD = gnu99;
				GCC_PRECOMPILE_PREFIX_HEADER = YES;
				GCC_PREFIX_HEADER = Updates/UPDPrefixHeader.pch;
				GCC_WARN_64_TO_32_BIT_CONVERSION = YES;
				GCC_WARN_ABOUT_RETURN_TYPE = YES_ERROR;
				GCC_WARN_UNDECLARED_SELECTOR = YES;
				GCC_WARN_UNINITIALIZED_AUTOS = YES_AGGRESSIVE;
				GCC_WARN_UNUSED_FUNCTION = YES;
				GCC_WARN_UNUSED_VARIABLE = YES;
				IPHONEOS_DEPLOYMENT_TARGET = 7.0;
				METAL_ENABLE_DEBUG_INFO = NO;
				SDKROOT = iphoneos;
				TARGETED_DEVICE_FAMILY = "1,2";
				VALIDATE_PRODUCT = YES;
			};
			name = Release;
		};
		0213C2521974FE0C006BC204 /* Debug */ = {
			isa = XCBuildConfiguration;
			buildSettings = {
				ASSETCATALOG_COMPILER_APPICON_NAME = AppIcon;
				ASSETCATALOG_COMPILER_LAUNCHIMAGE_NAME = LaunchImage;
				INFOPLIST_FILE = Updates/Info.plist;
				LD_RUNPATH_SEARCH_PATHS = "$(inherited) @executable_path/Frameworks";
				PRODUCT_NAME = "$(TARGET_NAME)";
			};
			name = Debug;
		};
		0213C2531974FE0C006BC204 /* Release */ = {
			isa = XCBuildConfiguration;
			buildSettings = {
				ASSETCATALOG_COMPILER_APPICON_NAME = AppIcon;
				ASSETCATALOG_COMPILER_LAUNCHIMAGE_NAME = LaunchImage;
				INFOPLIST_FILE = Updates/Info.plist;
				LD_RUNPATH_SEARCH_PATHS = "$(inherited) @executable_path/Frameworks";
				PRODUCT_NAME = "$(TARGET_NAME)";
			};
			name = Release;
		};
/* End XCBuildConfiguration section */

/* Begin XCConfigurationList section */
		0213C22F1974FE0C006BC204 /* Build configuration list for PBXProject "Updates" */ = {
			isa = XCConfigurationList;
			buildConfigurations = (
				0213C24F1974FE0C006BC204 /* Debug */,
				0213C2501974FE0C006BC204 /* Release */,
			);
			defaultConfigurationIsVisible = 0;
			defaultConfigurationName = Release;
		};
		0213C2511974FE0C006BC204 /* Build configuration list for PBXNativeTarget "Updates" */ = {
			isa = XCConfigurationList;
			buildConfigurations = (
				0213C2521974FE0C006BC204 /* Debug */,
				0213C2531974FE0C006BC204 /* Release */,
			);
			defaultConfigurationIsVisible = 0;
			defaultConfigurationName = Release;
		};
/* End XCConfigurationList section */

/* Begin XCVersionGroup section */
		0213C23E1974FE0C006BC204 /* Updates.xcdatamodeld */ = {
			isa = XCVersionGroup;
			children = (
				0213C23F1974FE0C006BC204 /* Updates.xcdatamodel */,
			);
			currentVersion = 0213C23F1974FE0C006BC204 /* Updates.xcdatamodel */;
			path = Updates.xcdatamodeld;
			sourceTree = "<group>";
			versionGroupType = wrapper.xcdatamodel;
		};
/* End XCVersionGroup section */
	};
	rootObject = 0213C22C1974FE0C006BC204 /* Project object */;
}
